
Microsoft Visual Studio Solution File, Format Version 12.00
# Visual Studio 2013
VisualStudioVersion = 12.0.30110.0
MinimumVisualStudioVersion = 10.0.40219.1
Project("{8BC9CEB8-8B4A-11D0-8D11-00A0C91BC942}") = "bitcoin-client", "bitcoin-client\bitcoin-client.vcxproj", "{FBCC58AD-93A1-4247-B660-B32C61ACA680}"
EndProject
Project("{8BC9CEB8-8B4A-11D0-8D11-00A0C91BC942}") = "libbitcoin-client", "libbitcoin-client\libbitcoin-client.vcxproj", "{475E189D-F147-4122-B5FE-5BCF1153696E}"
EndProject
Project("{8BC9CEB8-8B4A-11D0-8D11-00A0C91BC942}") = "libbitcoin-client-test", "libbitcoin-client-test\libbitcoin-client-test.vcxproj", "{A56A00C6-669B-4535-9DC2-772A931B04C2}"
EndProject
Global
	GlobalSection(SolutionConfigurationPlatforms) = preSolution
		DynDebug|Win32 = DynDebug|Win32
		DynDebug|x64 = DynDebug|x64
		DynRelease|Win32 = DynRelease|Win32
		DynRelease|x64 = DynRelease|x64
		LtcgDebug|Win32 = LtcgDebug|Win32
		LtcgDebug|x64 = LtcgDebug|x64
		LtcgRelease|Win32 = LtcgRelease|Win32
		LtcgRelease|x64 = LtcgRelease|x64
		StaticDebug|Win32 = StaticDebug|Win32
		StaticDebug|x64 = StaticDebug|x64
		StaticRelease|Win32 = StaticRelease|Win32
		StaticRelease|x64 = StaticRelease|x64
	EndGlobalSection
	GlobalSection(ProjectConfigurationPlatforms) = postSolution
		{FBCC58AD-93A1-4247-B660-B32C61ACA680}.DynDebug|Win32.ActiveCfg = DebugDEXE|Win32
		{FBCC58AD-93A1-4247-B660-B32C61ACA680}.DynDebug|Win32.Build.0 = DebugDEXE|Win32
		{FBCC58AD-93A1-4247-B660-B32C61ACA680}.DynDebug|x64.ActiveCfg = DebugDEXE|x64
		{FBCC58AD-93A1-4247-B660-B32C61ACA680}.DynDebug|x64.Build.0 = DebugDEXE|x64
		{FBCC58AD-93A1-4247-B660-B32C61ACA680}.DynRelease|Win32.ActiveCfg = DebugDEXE|Win32
		{FBCC58AD-93A1-4247-B660-B32C61ACA680}.DynRelease|Win32.Build.0 = DebugDEXE|Win32
		{FBCC58AD-93A1-4247-B660-B32C61ACA680}.DynRelease|x64.ActiveCfg = ReleaseDEXE|x64
		{FBCC58AD-93A1-4247-B660-B32C61ACA680}.DynRelease|x64.Build.0 = ReleaseDEXE|x64
		{FBCC58AD-93A1-4247-B660-B32C61ACA680}.LtcgDebug|Win32.ActiveCfg = DebugLEXE|Win32
		{FBCC58AD-93A1-4247-B660-B32C61ACA680}.LtcgDebug|Win32.Build.0 = DebugLEXE|Win32
		{FBCC58AD-93A1-4247-B660-B32C61ACA680}.LtcgDebug|x64.ActiveCfg = DebugLEXE|x64
		{FBCC58AD-93A1-4247-B660-B32C61ACA680}.LtcgDebug|x64.Build.0 = DebugLEXE|x64
		{FBCC58AD-93A1-4247-B660-B32C61ACA680}.LtcgRelease|Win32.ActiveCfg = ReleaseLEXE|Win32
		{FBCC58AD-93A1-4247-B660-B32C61ACA680}.LtcgRelease|Win32.Build.0 = ReleaseLEXE|Win32
		{FBCC58AD-93A1-4247-B660-B32C61ACA680}.LtcgRelease|x64.ActiveCfg = ReleaseLEXE|x64
		{FBCC58AD-93A1-4247-B660-B32C61ACA680}.LtcgRelease|x64.Build.0 = ReleaseLEXE|x64
		{FBCC58AD-93A1-4247-B660-B32C61ACA680}.StaticDebug|Win32.ActiveCfg = DebugSEXE|Win32
		{FBCC58AD-93A1-4247-B660-B32C61ACA680}.StaticDebug|Win32.Build.0 = DebugSEXE|Win32
		{FBCC58AD-93A1-4247-B660-B32C61ACA680}.StaticDebug|x64.ActiveCfg = DebugSEXE|x64
		{FBCC58AD-93A1-4247-B660-B32C61ACA680}.StaticDebug|x64.Build.0 = DebugSEXE|x64
		{FBCC58AD-93A1-4247-B660-B32C61ACA680}.StaticRelease|Win32.ActiveCfg = ReleaseSEXE|Win32
		{FBCC58AD-93A1-4247-B660-B32C61ACA680}.StaticRelease|Win32.Build.0 = ReleaseSEXE|Win32
		{FBCC58AD-93A1-4247-B660-B32C61ACA680}.StaticRelease|x64.ActiveCfg = ReleaseSEXE|x64
		{FBCC58AD-93A1-4247-B660-B32C61ACA680}.StaticRelease|x64.Build.0 = ReleaseSEXE|x64
		{475E189D-F147-4122-B5FE-5BCF1153696E}.DynDebug|Win32.ActiveCfg = DebugDLL|Win32
		{475E189D-F147-4122-B5FE-5BCF1153696E}.DynDebug|Win32.Build.0 = DebugDLL|Win32
		{475E189D-F147-4122-B5FE-5BCF1153696E}.DynDebug|x64.ActiveCfg = DebugDLL|x64
		{475E189D-F147-4122-B5FE-5BCF1153696E}.DynDebug|x64.Build.0 = DebugDLL|x64
		{475E189D-F147-4122-B5FE-5BCF1153696E}.DynRelease|Win32.ActiveCfg = ReleaseDLL|Win32
		{475E189D-F147-4122-B5FE-5BCF1153696E}.DynRelease|Win32.Build.0 = ReleaseDLL|Win32
		{475E189D-F147-4122-B5FE-5BCF1153696E}.DynRelease|x64.ActiveCfg = ReleaseDLL|x64
		{475E189D-F147-4122-B5FE-5BCF1153696E}.DynRelease|x64.Build.0 = ReleaseDLL|x64
		{475E189D-F147-4122-B5FE-5BCF1153696E}.LtcgDebug|Win32.ActiveCfg = DebugLTCG|Win32
		{475E189D-F147-4122-B5FE-5BCF1153696E}.LtcgDebug|Win32.Build.0 = DebugLTCG|Win32
		{475E189D-F147-4122-B5FE-5BCF1153696E}.LtcgDebug|x64.ActiveCfg = DebugLTCG|x64
		{475E189D-F147-4122-B5FE-5BCF1153696E}.LtcgDebug|x64.Build.0 = DebugLTCG|x64
		{475E189D-F147-4122-B5FE-5BCF1153696E}.LtcgRelease|Win32.ActiveCfg = ReleaseLTCG|Win32
		{475E189D-F147-4122-B5FE-5BCF1153696E}.LtcgRelease|Win32.Build.0 = ReleaseLTCG|Win32
		{475E189D-F147-4122-B5FE-5BCF1153696E}.LtcgRelease|x64.ActiveCfg = ReleaseLTCG|x64
		{475E189D-F147-4122-B5FE-5BCF1153696E}.LtcgRelease|x64.Build.0 = ReleaseLTCG|x64
		{475E189D-F147-4122-B5FE-5BCF1153696E}.StaticDebug|Win32.ActiveCfg = DebugLIB|Win32
		{475E189D-F147-4122-B5FE-5BCF1153696E}.StaticDebug|Win32.Build.0 = DebugLIB|Win32
		{475E189D-F147-4122-B5FE-5BCF1153696E}.StaticDebug|x64.ActiveCfg = DebugLIB|x64
		{475E189D-F147-4122-B5FE-5BCF1153696E}.StaticDebug|x64.Build.0 = DebugLIB|x64
		{475E189D-F147-4122-B5FE-5BCF1153696E}.StaticRelease|Win32.ActiveCfg = ReleaseLIB|Win32
		{475E189D-F147-4122-B5FE-5BCF1153696E}.StaticRelease|Win32.Build.0 = ReleaseLIB|Win32
		{475E189D-F147-4122-B5FE-5BCF1153696E}.StaticRelease|x64.ActiveCfg = ReleaseLIB|x64
		{475E189D-F147-4122-B5FE-5BCF1153696E}.StaticRelease|x64.Build.0 = ReleaseLIB|x64
		{A56A00C6-669B-4535-9DC2-772A931B04C2}.DynDebug|Win32.ActiveCfg = DebugDEXE|Win32
		{A56A00C6-669B-4535-9DC2-772A931B04C2}.DynDebug|Win32.Build.0 = DebugDEXE|Win32
		{A56A00C6-669B-4535-9DC2-772A931B04C2}.DynDebug|x64.ActiveCfg = DebugDEXE|x64
		{A56A00C6-669B-4535-9DC2-772A931B04C2}.DynDebug|x64.Build.0 = DebugDEXE|x64
		{A56A00C6-669B-4535-9DC2-772A931B04C2}.DynRelease|Win32.ActiveCfg = DebugDEXE|Win32
		{A56A00C6-669B-4535-9DC2-772A931B04C2}.DynRelease|Win32.Build.0 = DebugDEXE|Win32
		{A56A00C6-669B-4535-9DC2-772A931B04C2}.DynRelease|x64.ActiveCfg = ReleaseDEXE|x64
		{A56A00C6-669B-4535-9DC2-772A931B04C2}.DynRelease|x64.Build.0 = ReleaseDEXE|x64
		{A56A00C6-669B-4535-9DC2-772A931B04C2}.LtcgDebug|Win32.ActiveCfg = DebugLEXE|Win32
		{A56A00C6-669B-4535-9DC2-772A931B04C2}.LtcgDebug|Win32.Build.0 = DebugLEXE|Win32
		{A56A00C6-669B-4535-9DC2-772A931B04C2}.LtcgDebug|x64.ActiveCfg = DebugLEXE|x64
		{A56A00C6-669B-4535-9DC2-772A931B04C2}.LtcgDebug|x64.Build.0 = DebugLEXE|x64
		{A56A00C6-669B-4535-9DC2-772A931B04C2}.LtcgRelease|Win32.ActiveCfg = ReleaseLEXE|Win32
		{A56A00C6-669B-4535-9DC2-772A931B04C2}.LtcgRelease|Win32.Build.0 = ReleaseLEXE|Win32
		{A56A00C6-669B-4535-9DC2-772A931B04C2}.LtcgRelease|x64.ActiveCfg = ReleaseLEXE|x64
		{A56A00C6-669B-4535-9DC2-772A931B04C2}.LtcgRelease|x64.Build.0 = ReleaseLEXE|x64
		{A56A00C6-669B-4535-9DC2-772A931B04C2}.StaticDebug|Win32.ActiveCfg = DebugSEXE|Win32
		{A56A00C6-669B-4535-9DC2-772A931B04C2}.StaticDebug|Win32.Build.0 = DebugSEXE|Win32
		{A56A00C6-669B-4535-9DC2-772A931B04C2}.StaticDebug|x64.ActiveCfg = DebugSEXE|x64
		{A56A00C6-669B-4535-9DC2-772A931B04C2}.StaticDebug|x64.Build.0 = DebugSEXE|x64
		{A56A00C6-669B-4535-9DC2-772A931B04C2}.StaticRelease|Win32.ActiveCfg = ReleaseSEXE|Win32
		{A56A00C6-669B-4535-9DC2-772A931B04C2}.StaticRelease|Win32.Build.0 = ReleaseSEXE|Win32
		{A56A00C6-669B-4535-9DC2-772A931B04C2}.StaticRelease|x64.ActiveCfg = ReleaseSEXE|x64
	EndGlobalSection
	GlobalSection(SolutionProperties) = preSolution
		HideSolutionNode = FALSE
	EndGlobalSection
EndGlobal
