<?xml version="1.0" encoding="utf-8"?>
<!--
 |  Copyright (c) 2014-2020 libbitcoin-client developers (see COPYING).
 |
 |         GENERATED SOURCE CODE, DO NOT EDIT EXCEPT EXPERIMENTALLY
 |
 -->
<Project DefaultTargets="Build" ToolsVersion="15.0" xmlns="http://schemas.microsoft.com/developer/msbuild/2003">
  <ItemGroup>
    <Filter Include="include">
      <UniqueIdentifier>{475E189D-F147-4122-0000-000000000001}</UniqueIdentifier>
    </Filter>
    <Filter Include="include\bitcoin">
      <UniqueIdentifier>{475E189D-F147-4122-0000-000000000002}</UniqueIdentifier>
    </Filter>
    <Filter Include="include\bitcoin\client">
      <UniqueIdentifier>{475E189D-F147-4122-0000-000000000003}</UniqueIdentifier>
    </Filter>
    <Filter Include="resource">
      <UniqueIdentifier>{475E189D-F147-4122-0000-000000000004}</UniqueIdentifier>
    </Filter>
    <Filter Include="src">
      <UniqueIdentifier>{475E189D-F147-4122-0000-000000000000}</UniqueIdentifier>
    </Filter>
  </ItemGroup>
  <ItemGroup>
    <ClCompile Include="..\..\..\..\src\dealer.cpp">
      <Filter>src</Filter>
    </ClCompile>
    <ClCompile Include="..\..\..\..\src\obelisk_client.cpp">
      <Filter>src</Filter>
    </ClCompile>
    <ClCompile Include="..\..\..\..\src\proxy.cpp">
      <Filter>src</Filter>
    </ClCompile>
    <ClCompile Include="..\..\..\..\src\socket_stream.cpp">
      <Filter>src</Filter>
    </ClCompile>
  </ItemGroup>
  <ItemGroup>
    <ClInclude Include="..\..\..\..\include\bitcoin\client.hpp">
      <Filter>include\bitcoin</Filter>
    </ClInclude>
    <ClInclude Include="..\..\..\..\include\bitcoin\client\dealer.hpp">
      <Filter>include\bitcoin\client</Filter>
    </ClInclude>
    <ClInclude Include="..\..\..\..\include\bitcoin\client\define.hpp">
      <Filter>include\bitcoin\client</Filter>
    </ClInclude>
    <ClInclude Include="..\..\..\..\include\bitcoin\client\obelisk_client.hpp">
      <Filter>include\bitcoin\client</Filter>
    </ClInclude>
    <ClInclude Include="..\..\..\..\include\bitcoin\client\proxy.hpp">
      <Filter>include\bitcoin\client</Filter>
    </ClInclude>
    <ClInclude Include="..\..\..\..\include\bitcoin\client\socket_stream.hpp">
      <Filter>include\bitcoin\client</Filter>
    </ClInclude>
    <ClInclude Include="..\..\..\..\include\bitcoin\client\stream.hpp">
      <Filter>include\bitcoin\client</Filter>
    </ClInclude>
    <ClInclude Include="..\..\..\..\include\bitcoin\client\version.hpp">
      <Filter>include\bitcoin\client</Filter>
    </ClInclude>
  </ItemGroup>
  <ItemGroup>
    <None Include="packages.config" />
  </ItemGroup>
</Project>
