<?xml version="1.0" encoding="utf-8"?>
<Project ToolsVersion="4.0" xmlns="http://schemas.microsoft.com/developer/msbuild/2003">
  <ItemGroup>
    <Filter Include="src">
      <UniqueIdentifier>{9aa75a48-3a93-45a0-bb15-92f0f3c99147}</UniqueIdentifier>
    </Filter>
    <Filter Include="include">
      <UniqueIdentifier>{938a1eac-336c-4f05-8f1e-d11a2c32abac}</UniqueIdentifier>
    </Filter>
    <Filter Include="include\client">
      <UniqueIdentifier>{a9affd7a-0980-4b26-bf58-7312df4898a7}</UniqueIdentifier>
    </Filter>
  </ItemGroup>
  <ItemGroup>
    <ClCompile Include="..\..\..\..\src\obelisk_codec.cpp">
      <Filter>src</Filter>
    </ClCompile>
    <ClCompile Include="..\..\..\..\src\server_codec_impl.cpp">
      <Filter>src</Filter>
    </ClCompile>
    <ClCompile Include="..\..\..\..\src\socket_stream.cpp">
      <Filter>src</Filter>
    </ClCompile>
    <ClCompile Include="..\..\..\..\src\uniform_uint32_generator.cpp">
      <Filter>src</Filter>
    </ClCompile>
  </ItemGroup>
  <ItemGroup>
    <None Include="packages.config" />
  </ItemGroup>
  <ItemGroup>
    <ClInclude Include="..\..\..\..\include\bitcoin\client.hpp">
      <Filter>include</Filter>
    </ClInclude>
    <ClInclude Include="..\..\..\..\include\bitcoin\client\define.hpp">
      <Filter>include\client</Filter>
    </ClInclude>
    <ClInclude Include="..\..\..\..\include\bitcoin\client\message_stream.hpp">
      <Filter>include\client</Filter>
    </ClInclude>
    <ClInclude Include="..\..\..\..\include\bitcoin\client\obelisk_codec.hpp">
      <Filter>include\client</Filter>
    </ClInclude>
    <ClInclude Include="..\..\..\..\include\bitcoin\client\random_number_generator.hpp">
      <Filter>include\client</Filter>
    </ClInclude>
    <ClInclude Include="..\..\..\..\include\bitcoin\client\response_stream.hpp">
      <Filter>include\client</Filter>
    </ClInclude>
    <ClInclude Include="..\..\..\..\include\bitcoin\client\request_stream.hpp">
      <Filter>include\client</Filter>
    </ClInclude>
    <ClInclude Include="..\..\..\..\include\bitcoin\client\server_codec.hpp">
      <Filter>include\client</Filter>
    </ClInclude>
    <ClInclude Include="..\..\..\..\include\bitcoin\client\server_codec_impl.hpp">
      <Filter>include\client</Filter>
    </ClInclude>
    <ClInclude Include="..\..\..\..\include\bitcoin\client\sleeper.hpp">
      <Filter>include\client</Filter>
    </ClInclude>
    <ClInclude Include="..\..\..\..\include\bitcoin\client\socket_stream.hpp">
      <Filter>include\client</Filter>
    </ClInclude>
  </ItemGroup>
</Project>